
Microsoft Visual Studio Solution File, Format Version 12.00
# Visual Studio 15
VisualStudioVersion = 15.0.27428.2002
MinimumVisualStudioVersion = 10.0.40219.1
Project("{FAE04EC0-301F-11D3-BF4B-00C04F79EFBC}") = "HWDetCS", "HWDetCS\HWDetCS.csproj", "{F92736AF-C68D-4330-BFD9-36A9AE91FA32}"
EndProject
Global
	GlobalSection(SolutionConfigurationPlatforms) = preSolution
		Debug|Any CPU = Debug|Any CPU
		Release|Any CPU = Release|Any CPU
	EndGlobalSection
	GlobalSection(ProjectConfigurationPlatforms) = postSolution
		{F92736AF-C68D-4330-BFD9-36A9AE91FA32}.Debug|Any CPU.ActiveCfg = Debug|Any CPU
		{F92736AF-C68D-4330-BFD9-36A9AE91FA32}.Debug|Any CPU.Build.0 = Debug|Any CPU
		{F92736AF-C68D-4330-BFD9-36A9AE91FA32}.Release|Any CPU.ActiveCfg = Release|Any CPU
		{F92736AF-C68D-4330-BFD9-36A9AE91FA32}.Release|Any CPU.Build.0 = Release|Any CPU
	EndGlobalSection
	GlobalSection(SolutionProperties) = preSolution
		HideSolutionNode = FALSE
	EndGlobalSection
	GlobalSection(ExtensibilityGlobals) = postSolution
		SolutionGuid = {BB6FC216-9FC1-4A0B-ACED-8CCD5888484C}
	EndGlobalSection
EndGlobal
